// !$*UTF8*$!
{
	archiveVersion = 1;
	classes = {
	};
	objectVersion = 77;
	objects = {

/* Begin PBXBuildFile section */
		0304260F2FA9536100BBE5DA /* NeugelbUI in Frameworks */ = {isa = PBXBuildFile; productRef = 0304260E2FA9536100BBE5DA /* NeugelbUI */; };
		0387E9722FA8C949004D0C7F /* Router in Frameworks */ = {isa = PBXBuildFile; productRef = 0387E9712FA8C949004D0C7F /* Router */; };
		03A091592FA6B3F600FC8E6C /* PrivacyInfo.xcprivacy in Resources */ = {isa = PBXBuildFile; fileRef = 03A091582FA6B3F600FC8E6C /* PrivacyInfo.xcprivacy */; };
		03A091762FA7BCD500FC8E6C /* NetworkService in Frameworks */ = {isa = PBXBuildFile; productRef = 03A091752FA7BCD500FC8E6C /* NetworkService */; };
		03A091792FA7C46900FC8E6C /* NGFoundation in Frameworks */ = {isa = PBXBuildFile; productRef = 03A091782FA7C46900FC8E6C /* NGFoundation */; };
		03E6803E2FA6513E000AACEA /* README.md in Resources */ = {isa = PBXBuildFile; fileRef = 03E6803D2FA6513E000AACEA /* README.md */; };
/* End PBXBuildFile section */

/* Begin PBXContainerItemProxy section */
		032902C62FA565DB00604615 /* PBXContainerItemProxy */ = {
			isa = PBXContainerItemProxy;
			containerPortal = 032902B02FA565DA00604615 /* Project object */;
			proxyType = 1;
			remoteGlobalIDString = 032902B72FA565DA00604615;
			remoteInfo = Neugelb;
		};
		032902D02FA565DB00604615 /* PBXContainerItemProxy */ = {
			isa = PBXContainerItemProxy;
			containerPortal = 032902B02FA565DA00604615 /* Project object */;
			proxyType = 1;
			remoteGlobalIDString = 032902B72FA565DA00604615;
			remoteInfo = Neugelb;
		};
/* End PBXContainerItemProxy section */

/* Begin PBXFileReference section */
		032902B82FA565DA00604615 /* Neugelb.app */ = {isa = PBXFileReference; explicitFileType = wrapper.application; includeInIndex = 0; path = Neugelb.app; sourceTree = BUILT_PRODUCTS_DIR; };
		032902C52FA565DB00604615 /* NeugelbTests.xctest */ = {isa = PBXFileReference; explicitFileType = wrapper.cfbundle; includeInIndex = 0; path = NeugelbTests.xctest; sourceTree = BUILT_PRODUCTS_DIR; };
		032902CF2FA565DB00604615 /* NeugelbUITests.xctest */ = {isa = PBXFileReference; explicitFileType = wrapper.cfbundle; includeInIndex = 0; path = NeugelbUITests.xctest; sourceTree = BUILT_PRODUCTS_DIR; };
		03A091582FA6B3F600FC8E6C /* PrivacyInfo.xcprivacy */ = {isa = PBXFileReference; lastKnownFileType = text.xml; path = PrivacyInfo.xcprivacy; sourceTree = "<group>"; };
		03E6803D2FA6513E000AACEA /* README.md */ = {isa = PBXFileReference; lastKnownFileType = net.daringfireball.markdown; path = README.md; sourceTree = "<group>"; };
		03E680412FA654C3000AACEA /* LICENSE */ = {isa = PBXFileReference; lastKnownFileType = text; path = LICENSE; sourceTree = "<group>"; };
/* End PBXFileReference section */

/* Begin PBXFileSystemSynchronizedBuildFileExceptionSet section */
		03E680452FA6B1BE000AACEA /* Exceptions for "Neugelb" folder in "Neugelb" target */ = {
			isa = PBXFileSystemSynchronizedBuildFileExceptionSet;
			membershipExceptions = (
				Info.plist,
			);
			target = 032902B72FA565DA00604615 /* Neugelb */;
		};
/* End PBXFileSystemSynchronizedBuildFileExceptionSet section */

/* Begin PBXFileSystemSynchronizedRootGroup section */
		032902BA2FA565DA00604615 /* Neugelb */ = {
			isa = PBXFileSystemSynchronizedRootGroup;
			exceptions = (
				03E680452FA6B1BE000AACEA /* Exceptions for "Neugelb" folder in "Neugelb" target */,
			);
			path = Neugelb;
			sourceTree = "<group>";
		};
		032902C82FA565DB00604615 /* NeugelbTests */ = {
			isa = PBXFileSystemSynchronizedRootGroup;
			path = NeugelbTests;
			sourceTree = "<group>";
		};
		032902D22FA565DB00604615 /* NeugelbUITests */ = {
			isa = PBXFileSystemSynchronizedRootGroup;
			path = NeugelbUITests;
			sourceTree = "<group>";
		};
/* End PBXFileSystemSynchronizedRootGroup section */

/* Begin PBXFrameworksBuildPhase section */
		032902B52FA565DA00604615 /* Frameworks */ = {
			isa = PBXFrameworksBuildPhase;
			buildActionMask = 2147483647;
			files = (
				03A091792FA7C46900FC8E6C /* NGFoundation in Frameworks */,
				0304260F2FA9536100BBE5DA /* NeugelbUI in Frameworks */,
				0387E9722FA8C949004D0C7F /* Router in Frameworks */,
				03A091762FA7BCD500FC8E6C /* NetworkService in Frameworks */,
			);
			runOnlyForDeploymentPostprocessing = 0;
		};
		032902C22FA565DB00604615 /* Frameworks */ = {
			isa = PBXFrameworksBuildPhase;
			buildActionMask = 2147483647;
			files = (
			);
			runOnlyForDeploymentPostprocessing = 0;
		};
		032902CC2FA565DB00604615 /* Frameworks */ = {
			isa = PBXFrameworksBuildPhase;
			buildActionMask = 2147483647;
			files = (
			);
			runOnlyForDeploymentPostprocessing = 0;
		};
/* End PBXFrameworksBuildPhase section */

/* Begin PBXGroup section */
		032902AF2FA565DA00604615 = {
			isa = PBXGroup;
			children = (
				03A091582FA6B3F600FC8E6C /* PrivacyInfo.xcprivacy */,
				03E6803D2FA6513E000AACEA /* README.md */,
				03E680412FA654C3000AACEA /* LICENSE */,
				032902BA2FA565DA00604615 /* Neugelb */,
				032902C82FA565DB00604615 /* NeugelbTests */,
				032902D22FA565DB00604615 /* NeugelbUITests */,
				03A091742FA7BCD500FC8E6C /* Frameworks */,
				032902B92FA565DA00604615 /* Products */,
			);
			sourceTree = "<group>";
		};
		032902B92FA565DA00604615 /* Products */ = {
			isa = PBXGroup;
			children = (
				032902B82FA565DA00604615 /* Neugelb.app */,
				032902C52FA565DB00604615 /* NeugelbTests.xctest */,
				032902CF2FA565DB00604615 /* NeugelbUITests.xctest */,
			);
			name = Products;
			sourceTree = "<group>";
		};
		03A091742FA7BCD500FC8E6C /* Frameworks */ = {
			isa = PBXGroup;
			children = (
			);
			name = Frameworks;
			sourceTree = "<group>";
		};
/* End PBXGroup section */

/* Begin PBXNativeTarget section */
		032902B72FA565DA00604615 /* Neugelb */ = {
			isa = PBXNativeTarget;
			buildConfigurationList = 032902D92FA565DB00604615 /* Build configuration list for PBXNativeTarget "Neugelb" */;
			buildPhases = (
				032902B42FA565DA00604615 /* Sources */,
				032902B52FA565DA00604615 /* Frameworks */,
				032902B62FA565DA00604615 /* Resources */,
			);
			buildRules = (
			);
			dependencies = (
			);
			fileSystemSynchronizedGroups = (
				032902BA2FA565DA00604615 /* Neugelb */,
			);
			name = Neugelb;
			packageProductDependencies = (
				03A091752FA7BCD500FC8E6C /* NetworkService */,
				03A091782FA7C46900FC8E6C /* NGFoundation */,
				0387E9712FA8C949004D0C7F /* Router */,
				0304260E2FA9536100BBE5DA /* NeugelbUI */,
			);
			productName = Neugelb;
			productReference = 032902B82FA565DA00604615 /* Neugelb.app */;
			productType = "com.apple.product-type.application";
		};
		032902C42FA565DB00604615 /* NeugelbTests */ = {
			isa = PBXNativeTarget;
			buildConfigurationList = 032902DC2FA565DB00604615 /* Build configuration list for PBXNativeTarget "NeugelbTests" */;
			buildPhases = (
				032902C12FA565DB00604615 /* Sources */,
				032902C22FA565DB00604615 /* Frameworks */,
				032902C32FA565DB00604615 /* Resources */,
			);
			buildRules = (
			);
			dependencies = (
				032902C72FA565DB00604615 /* PBXTargetDependency */,
			);
			fileSystemSynchronizedGroups = (
				032902C82FA565DB00604615 /* NeugelbTests */,
			);
			name = NeugelbTests;
			packageProductDependencies = (
			);
			productName = NeugelbTests;
			productReference = 032902C52FA565DB00604615 /* NeugelbTests.xctest */;
			productType = "com.apple.product-type.bundle.unit-test";
		};
		032902CE2FA565DB00604615 /* NeugelbUITests */ = {
			isa = PBXNativeTarget;
			buildConfigurationList = 032902DF2FA565DB00604615 /* Build configuration list for PBXNativeTarget "NeugelbUITests" */;
			buildPhases = (
				032902CB2FA565DB00604615 /* Sources */,
				032902CC2FA565DB00604615 /* Frameworks */,
				032902CD2FA565DB00604615 /* Resources */,
			);
			buildRules = (
			);
			dependencies = (
				032902D12FA565DB00604615 /* PBXTargetDependency */,
			);
			fileSystemSynchronizedGroups = (
				032902D22FA565DB00604615 /* NeugelbUITests */,
			);
			name = NeugelbUITests;
			packageProductDependencies = (
			);
			productName = NeugelbUITests;
			productReference = 032902CF2FA565DB00604615 /* NeugelbUITests.xctest */;
			productType = "com.apple.product-type.bundle.ui-testing";
		};
/* End PBXNativeTarget section */

/* Begin PBXProject section */
		032902B02FA565DA00604615 /* Project object */ = {
			isa = PBXProject;
			attributes = {
				BuildIndependentTargetsInParallel = 1;
				LastSwiftUpdateCheck = 2640;
				LastUpgradeCheck = 2640;
				TargetAttributes = {
					032902B72FA565DA00604615 = {
						CreatedOnToolsVersion = 26.4.1;
					};
					032902C42FA565DB00604615 = {
						CreatedOnToolsVersion = 26.4.1;
						TestTargetID = 032902B72FA565DA00604615;
					};
					032902CE2FA565DB00604615 = {
						CreatedOnToolsVersion = 26.4.1;
						TestTargetID = 032902B72FA565DA00604615;
					};
				};
			};
			buildConfigurationList = 032902B32FA565DA00604615 /* Build configuration list for PBXProject "Neugelb" */;
			developmentRegion = en;
			hasScannedForEncodings = 0;
			knownRegions = (
				en,
				Base,
			);
			mainGroup = 032902AF2FA565DA00604615;
			minimizedProjectReferenceProxies = 1;
			packageReferences = (
				03E680432FA685DF000AACEA /* XCLocalSwiftPackageReference "Packages/NetworkService" */,
				03A091772FA7C15A00FC8E6C /* XCLocalSwiftPackageReference "Packages/NGFoundation" */,
				0387E92D2FA8C5FF004D0C7F /* XCLocalSwiftPackageReference "Packages/Router" */,
				0304260D2FA94F6F00BBE5DA /* XCLocalSwiftPackageReference "Packages/NeugelbUI" */,
			);
			preferredProjectObjectVersion = 77;
			productRefGroup = 032902B92FA565DA00604615 /* Products */;
			projectDirPath = "";
			projectRoot = "";
			targets = (
				032902B72FA565DA00604615 /* Neugelb */,
				032902C42FA565DB00604615 /* NeugelbTests */,
				032902CE2FA565DB00604615 /* NeugelbUITests */,
			);
		};
/* End PBXProject section */

/* Begin PBXResourcesBuildPhase section */
		032902B62FA565DA00604615 /* Resources */ = {
			isa = PBXResourcesBuildPhase;
			buildActionMask = 2147483647;
			files = (
				03E6803E2FA6513E000AACEA /* README.md in Resources */,
				03A091592FA6B3F600FC8E6C /* PrivacyInfo.xcprivacy in Resources */,
			);
			runOnlyForDeploymentPostprocessing = 0;
		};
		032902C32FA565DB00604615 /* Resources */ = {
			isa = PBXResourcesBuildPhase;
			buildActionMask = 2147483647;
			files = (
			);
			runOnlyForDeploymentPostprocessing = 0;
		};
		032902CD2FA565DB00604615 /* Resources */ = {
			isa = PBXResourcesBuildPhase;
			buildActionMask = 2147483647;
			files = (
			);
			runOnlyForDeploymentPostprocessing = 0;
		};
/* End PBXResourcesBuildPhase section */

/* Begin PBXSourcesBuildPhase section */
		032902B42FA565DA00604615 /* Sources */ = {
			isa = PBXSourcesBuildPhase;
			buildActionMask = 2147483647;
			files = (
			);
			runOnlyForDeploymentPostprocessing = 0;
		};
		032902C12FA565DB00604615 /* Sources */ = {
			isa = PBXSourcesBuildPhase;
			buildActionMask = 2147483647;
			files = (
			);
			runOnlyForDeploymentPostprocessing = 0;
		};
		032902CB2FA565DB00604615 /* Sources */ = {
			isa = PBXSourcesBuildPhase;
			buildActionMask = 2147483647;
			files = (
			);
			runOnlyForDeploymentPostprocessing = 0;
		};
/* End PBXSourcesBuildPhase section */

/* Begin PBXTargetDependency section */
		032902C72FA565DB00604615 /* PBXTargetDependency */ = {
			isa = PBXTargetDependency;
			target = 032902B72FA565DA00604615 /* Neugelb */;
			targetProxy = 032902C62FA565DB00604615 /* PBXContainerItemProxy */;
		};
		032902D12FA565DB00604615 /* PBXTargetDependency */ = {
			isa = PBXTargetDependency;
			target = 032902B72FA565DA00604615 /* Neugelb */;
			targetProxy = 032902D02FA565DB00604615 /* PBXContainerItemProxy */;
		};
/* End PBXTargetDependency section */

/* Begin XCBuildConfiguration section */
		032902D72FA565DB00604615 /* Debug */ = {
			isa = XCBuildConfiguration;
			baseConfigurationReferenceAnchor = 032902BA2FA565DA00604615 /* Neugelb */;
			baseConfigurationReferenceRelativePath = Core/Configs/Debug.xcconfig;
			buildSettings = {
				ALWAYS_SEARCH_USER_PATHS = NO;
				ASSETCATALOG_COMPILER_GENERATE_SWIFT_ASSET_SYMBOL_EXTENSIONS = YES;
				CLANG_ANALYZER_NONNULL = YES;
				CLANG_ANALYZER_NUMBER_OBJECT_CONVERSION = YES_AGGRESSIVE;
				CLANG_CXX_LANGUAGE_STANDARD = "gnu++20";
				CLANG_ENABLE_MODULES = YES;
				CLANG_ENABLE_OBJC_ARC = YES;
				CLANG_ENABLE_OBJC_WEAK = YES;
				CLANG_WARN_BLOCK_CAPTURE_AUTORELEASING = YES;
				CLANG_WARN_BOOL_CONVERSION = YES;
				CLANG_WARN_COMMA = YES;
				CLANG_WARN_CONSTANT_CONVERSION = YES;
				CLANG_WARN_DEPRECATED_OBJC_IMPLEMENTATIONS = YES;
				CLANG_WARN_DIRECT_OBJC_ISA_USAGE = YES_ERROR;
				CLANG_WARN_DOCUMENTATION_COMMENTS = YES;
				CLANG_WARN_EMPTY_BODY = YES;
				CLANG_WARN_ENUM_CONVERSION = YES;
				CLANG_WARN_INFINITE_RECURSION = YES;
				CLANG_WARN_INT_CONVERSION = YES;
				CLANG_WARN_NON_LITERAL_NULL_CONVERSION = YES;
				CLANG_WARN_OBJC_IMPLICIT_RETAIN_SELF = YES;
				CLANG_WARN_OBJC_LITERAL_CONVERSION = YES;
				CLANG_WARN_OBJC_ROOT_CLASS = YES_ERROR;
				CLANG_WARN_QUOTED_INCLUDE_IN_FRAMEWORK_HEADER = YES;
				CLANG_WARN_RANGE_LOOP_ANALYSIS = YES;
				CLANG_WARN_STRICT_PROTOTYPES = YES;
				CLANG_WARN_SUSPICIOUS_MOVE = YES;
				CLANG_WARN_UNGUARDED_AVAILABILITY = YES_AGGRESSIVE;
				CLANG_WARN_UNREACHABLE_CODE = YES;
				CLANG_WARN__DUPLICATE_METHOD_MATCH = YES;
				COPY_PHASE_STRIP = NO;
				DEBUG_INFORMATION_FORMAT = dwarf;
				DEVELOPMENT_TEAM = SH5AK942XZ;
				ENABLE_STRICT_OBJC_MSGSEND = YES;
				ENABLE_TESTABILITY = YES;
				ENABLE_USER_SCRIPT_SANDBOXING = YES;
				GCC_C_LANGUAGE_STANDARD = gnu17;
				GCC_DYNAMIC_NO_PIC = NO;
				GCC_NO_COMMON_BLOCKS = YES;
				GCC_OPTIMIZATION_LEVEL = 0;
				GCC_PREPROCESSOR_DEFINITIONS = (
					"DEBUG=1",
					"$(inherited)",
				);
				GCC_WARN_64_TO_32_BIT_CONVERSION = YES;
				GCC_WARN_ABOUT_RETURN_TYPE = YES_ERROR;
				GCC_WARN_UNDECLARED_SELECTOR = YES;
				GCC_WARN_UNINITIALIZED_AUTOS = YES_AGGRESSIVE;
				GCC_WARN_UNUSED_FUNCTION = YES;
				GCC_WARN_UNUSED_VARIABLE = YES;
				LOCALIZATION_PREFERS_STRING_CATALOGS = YES;
				MTL_ENABLE_DEBUG_INFO = INCLUDE_SOURCE;
				MTL_FAST_MATH = YES;
				ONLY_ACTIVE_ARCH = YES;
				SDKROOT = iphoneos;
				SWIFT_ACTIVE_COMPILATION_CONDITIONS = "DEBUG $(inherited)";
				SWIFT_OPTIMIZATION_LEVEL = "-Onone";
			};
			name = Debug;
		};
		032902D82FA565DB00604615 /* Release */ = {
			isa = XCBuildConfiguration;
			baseConfigurationReferenceAnchor = 032902BA2FA565DA00604615 /* Neugelb */;
			baseConfigurationReferenceRelativePath = Core/Configs/Release.xcconfig;
			buildSettings = {
				ALWAYS_SEARCH_USER_PATHS = NO;
				ASSETCATALOG_COMPILER_GENERATE_SWIFT_ASSET_SYMBOL_EXTENSIONS = YES;
				CLANG_ANALYZER_NONNULL = YES;
				CLANG_ANALYZER_NUMBER_OBJECT_CONVERSION = YES_AGGRESSIVE;
				CLANG_CXX_LANGUAGE_STANDARD = "gnu++20";
				CLANG_ENABLE_MODULES = YES;
				CLANG_ENABLE_OBJC_ARC = YES;
				CLANG_ENABLE_OBJC_WEAK = YES;
				CLANG_WARN_BLOCK_CAPTURE_AUTORELEASING = YES;
				CLANG_WARN_BOOL_CONVERSION = YES;
				CLANG_WARN_COMMA = YES;
				CLANG_WARN_CONSTANT_CONVERSION = YES;
				CLANG_WARN_DEPRECATED_OBJC_IMPLEMENTATIONS = YES;
				CLANG_WARN_DIRECT_OBJC_ISA_USAGE = YES_ERROR;
				CLANG_WARN_DOCUMENTATION_COMMENTS = YES;
				CLANG_WARN_EMPTY_BODY = YES;
				CLANG_WARN_ENUM_CONVERSION = YES;
				CLANG_WARN_INFINITE_RECURSION = YES;
				CLANG_WARN_INT_CONVERSION = YES;
				CLANG_WARN_NON_LITERAL_NULL_CONVERSION = YES;
				CLANG_WARN_OBJC_IMPLICIT_RETAIN_SELF = YES;
				CLANG_WARN_OBJC_LITERAL_CONVERSION = YES;
				CLANG_WARN_OBJC_ROOT_CLASS = YES_ERROR;
				CLANG_WARN_QUOTED_INCLUDE_IN_FRAMEWORK_HEADER = YES;
				CLANG_WARN_RANGE_LOOP_ANALYSIS = YES;
				CLANG_WARN_STRICT_PROTOTYPES = YES;
				CLANG_WARN_SUSPICIOUS_MOVE = YES;
				CLANG_WARN_UNGUARDED_AVAILABILITY = YES_AGGRESSIVE;
				CLANG_WARN_UNREACHABLE_CODE = YES;
				CLANG_WARN__DUPLICATE_METHOD_MATCH = YES;
				COPY_PHASE_STRIP = NO;
				DEBUG_INFORMATION_FORMAT = "dwarf-with-dsym";
				DEVELOPMENT_TEAM = SH5AK942XZ;
				ENABLE_NS_ASSERTIONS = NO;
				ENABLE_STRICT_OBJC_MSGSEND = YES;
				ENABLE_USER_SCRIPT_SANDBOXING = YES;
				GCC_C_LANGUAGE_STANDARD = gnu17;
				GCC_NO_COMMON_BLOCKS = YES;
				GCC_WARN_64_TO_32_BIT_CONVERSION = YES;
				GCC_WARN_ABOUT_RETURN_TYPE = YES_ERROR;
				GCC_WARN_UNDECLARED_SELECTOR = YES;
				GCC_WARN_UNINITIALIZED_AUTOS = YES_AGGRESSIVE;
				GCC_WARN_UNUSED_FUNCTION = YES;
				GCC_WARN_UNUSED_VARIABLE = YES;
				LOCALIZATION_PREFERS_STRING_CATALOGS = YES;
				MTL_ENABLE_DEBUG_INFO = NO;
				MTL_FAST_MATH = YES;
				SDKROOT = iphoneos;
				SWIFT_COMPILATION_MODE = wholemodule;
				VALIDATE_PRODUCT = YES;
			};
			name = Release;
		};
		032902DA2FA565DB00604615 /* Debug */ = {
			isa = XCBuildConfiguration;
			baseConfigurationReferenceAnchor = 032902BA2FA565DA00604615 /* Neugelb */;
			baseConfigurationReferenceRelativePath = Core/Configs/Debug.xcconfig;
			buildSettings = {
				ASSETCATALOG_COMPILER_APPICON_NAME = AppIcon;
				ASSETCATALOG_COMPILER_GLOBAL_ACCENT_COLOR_NAME = AccentColor;
				CODE_SIGN_STYLE = Automatic;
				DEVELOPMENT_TEAM = SH5AK942XZ;
				ENABLE_PREVIEWS = YES;
				GENERATE_INFOPLIST_FILE = YES;
				INFOPLIST_FILE = Neugelb/Info.plist;
				INFOPLIST_KEY_LSApplicationCategoryType = "public.app-category.utilities";
				INFOPLIST_KEY_UIApplicationSceneManifest_Generation = YES;
				INFOPLIST_KEY_UIApplicationSupportsIndirectInputEvents = YES;
				INFOPLIST_KEY_UILaunchScreen_Generation = YES;
				INFOPLIST_KEY_UISupportedInterfaceOrientations = UIInterfaceOrientationPortrait;
				INFOPLIST_KEY_UISupportedInterfaceOrientations_iPad = "UIInterfaceOrientationLandscapeLeft UIInterfaceOrientationLandscapeRight UIInterfaceOrientationPortrait UIInterfaceOrientationPortraitUpsideDown";
				LD_RUNPATH_SEARCH_PATHS = (
					"$(inherited)",
					"@executable_path/Frameworks",
				);
				PRODUCT_BUNDLE_IDENTIFIER = com.sigai.Neugelb;
				PRODUCT_NAME = "$(TARGET_NAME)";
				STRING_CATALOG_GENERATE_SYMBOLS = YES;
				SUPPORTED_PLATFORMS = "iphoneos iphonesimulator";
				SUPPORTS_MACCATALYST = NO;
				SUPPORTS_MAC_DESIGNED_FOR_IPHONE_IPAD = NO;
				SUPPORTS_XR_DESIGNED_FOR_IPHONE_IPAD = NO;
				SWIFT_APPROACHABLE_CONCURRENCY = YES;
				SWIFT_DEFAULT_ACTOR_ISOLATION = MainActor;
				SWIFT_EMIT_LOC_STRINGS = YES;
				SWIFT_UPCOMING_FEATURE_MEMBER_IMPORT_VISIBILITY = YES;
				TARGETED_DEVICE_FAMILY = 1;
			};
			name = Debug;
		};
		032902DB2FA565DB00604615 /* Release */ = {
			isa = XCBuildConfiguration;
			baseConfigurationReferenceAnchor = 032902BA2FA565DA00604615 /* Neugelb */;
			baseConfigurationReferenceRelativePath = Core/Configs/Release.xcconfig;
			buildSettings = {
				ASSETCATALOG_COMPILER_APPICON_NAME = AppIcon;
				ASSETCATALOG_COMPILER_GLOBAL_ACCENT_COLOR_NAME = AccentColor;
				CODE_SIGN_STYLE = Automatic;
				DEVELOPMENT_TEAM = SH5AK942XZ;
				ENABLE_PREVIEWS = YES;
				GENERATE_INFOPLIST_FILE = YES;
				INFOPLIST_FILE = Neugelb/Info.plist;
				INFOPLIST_KEY_LSApplicationCategoryType = "public.app-category.utilities";
				INFOPLIST_KEY_UIApplicationSceneManifest_Generation = YES;
				INFOPLIST_KEY_UIApplicationSupportsIndirectInputEvents = YES;
				INFOPLIST_KEY_UILaunchScreen_Generation = YES;
				INFOPLIST_KEY_UISupportedInterfaceOrientations = UIInterfaceOrientationPortrait;
				INFOPLIST_KEY_UISupportedInterfaceOrientations_iPad = "UIInterfaceOrientationLandscapeLeft UIInterfaceOrientationLandscapeRight UIInterfaceOrientationPortrait UIInterfaceOrientationPortraitUpsideDown";
				LD_RUNPATH_SEARCH_PATHS = (
					"$(inherited)",
					"@executable_path/Frameworks",
				);
				PRODUCT_BUNDLE_IDENTIFIER = com.sigai.Neugelb;
				PRODUCT_NAME = "$(TARGET_NAME)";
				STRING_CATALOG_GENERATE_SYMBOLS = YES;
				SUPPORTED_PLATFORMS = "iphoneos iphonesimulator";
				SUPPORTS_MACCATALYST = NO;
				SUPPORTS_MAC_DESIGNED_FOR_IPHONE_IPAD = NO;
				SUPPORTS_XR_DESIGNED_FOR_IPHONE_IPAD = NO;
				SWIFT_APPROACHABLE_CONCURRENCY = YES;
				SWIFT_DEFAULT_ACTOR_ISOLATION = MainActor;
				SWIFT_EMIT_LOC_STRINGS = YES;
				SWIFT_UPCOMING_FEATURE_MEMBER_IMPORT_VISIBILITY = YES;
				TARGETED_DEVICE_FAMILY = 1;
			};
			name = Release;
		};
		032902DD2FA565DB00604615 /* Debug */ = {
			isa = XCBuildConfiguration;
			baseConfigurationReferenceAnchor = 032902BA2FA565DA00604615 /* Neugelb */;
			baseConfigurationReferenceRelativePath = Core/Configs/Debug.xcconfig;
			buildSettings = {
				BUNDLE_LOADER = "$(TEST_HOST)";
				CODE_SIGN_STYLE = Automatic;
				DEVELOPMENT_TEAM = SH5AK942XZ;
				GENERATE_INFOPLIST_FILE = YES;
				PRODUCT_BUNDLE_IDENTIFIER = com.sigai.NeugelbTests;
				PRODUCT_NAME = "$(TARGET_NAME)";
				STRING_CATALOG_GENERATE_SYMBOLS = NO;
				SUPPORTED_PLATFORMS = "iphoneos iphonesimulator";
				SUPPORTS_MACCATALYST = NO;
				SUPPORTS_MAC_DESIGNED_FOR_IPHONE_IPAD = NO;
				SUPPORTS_XR_DESIGNED_FOR_IPHONE_IPAD = NO;
				SWIFT_APPROACHABLE_CONCURRENCY = YES;
				SWIFT_EMIT_LOC_STRINGS = NO;
				SWIFT_UPCOMING_FEATURE_MEMBER_IMPORT_VISIBILITY = YES;
				TARGETED_DEVICE_FAMILY = 1;
				TEST_HOST = "$(BUILT_PRODUCTS_DIR)/Neugelb.app/$(BUNDLE_EXECUTABLE_FOLDER_PATH)/Neugelb";
			};
			name = Debug;
		};
		032902DE2FA565DB00604615 /* Release */ = {
			isa = XCBuildConfiguration;
			baseConfigurationReferenceAnchor = 032902BA2FA565DA00604615 /* Neugelb */;
			baseConfigurationReferenceRelativePath = Core/Configs/Release.xcconfig;
			buildSettings = {
				BUNDLE_LOADER = "$(TEST_HOST)";
				CODE_SIGN_STYLE = Automatic;
				DEVELOPMENT_TEAM = SH5AK942XZ;
				GENERATE_INFOPLIST_FILE = YES;
				PRODUCT_BUNDLE_IDENTIFIER = com.sigai.NeugelbTests;
				PRODUCT_NAME = "$(TARGET_NAME)";
				STRING_CATALOG_GENERATE_SYMBOLS = NO;
				SUPPORTED_PLATFORMS = "iphoneos iphonesimulator";
				SUPPORTS_MACCATALYST = NO;
				SUPPORTS_MAC_DESIGNED_FOR_IPHONE_IPAD = NO;
				SUPPORTS_XR_DESIGNED_FOR_IPHONE_IPAD = NO;
				SWIFT_APPROACHABLE_CONCURRENCY = YES;
				SWIFT_EMIT_LOC_STRINGS = NO;
				SWIFT_UPCOMING_FEATURE_MEMBER_IMPORT_VISIBILITY = YES;
				TARGETED_DEVICE_FAMILY = 1;
				TEST_HOST = "$(BUILT_PRODUCTS_DIR)/Neugelb.app/$(BUNDLE_EXECUTABLE_FOLDER_PATH)/Neugelb";
			};
			name = Release;
		};
		032902E02FA565DB00604615 /* Debug */ = {
			isa = XCBuildConfiguration;
			baseConfigurationReferenceAnchor = 032902BA2FA565DA00604615 /* Neugelb */;
			baseConfigurationReferenceRelativePath = Core/Configs/Debug.xcconfig;
			buildSettings = {
				CODE_SIGN_STYLE = Automatic;
				DEVELOPMENT_TEAM = SH5AK942XZ;
				GENERATE_INFOPLIST_FILE = YES;
				PRODUCT_BUNDLE_IDENTIFIER = com.sigai.NeugelbUITests;
				PRODUCT_NAME = "$(TARGET_NAME)";
				STRING_CATALOG_GENERATE_SYMBOLS = NO;
				SUPPORTED_PLATFORMS = "iphoneos iphonesimulator";
				SUPPORTS_MACCATALYST = NO;
				SUPPORTS_MAC_DESIGNED_FOR_IPHONE_IPAD = NO;
				SUPPORTS_XR_DESIGNED_FOR_IPHONE_IPAD = NO;
				SWIFT_APPROACHABLE_CONCURRENCY = YES;
				SWIFT_EMIT_LOC_STRINGS = NO;
				SWIFT_UPCOMING_FEATURE_MEMBER_IMPORT_VISIBILITY = YES;
				TARGETED_DEVICE_FAMILY = 1;
				TEST_TARGET_NAME = Neugelb;
			};
			name = Debug;
		};
		032902E12FA565DB00604615 /* Release */ = {
			isa = XCBuildConfiguration;
			baseConfigurationReferenceAnchor = 032902BA2FA565DA00604615 /* Neugelb */;
			baseConfigurationReferenceRelativePath = Core/Configs/Release.xcconfig;
			buildSettings = {
				CODE_SIGN_STYLE = Automatic;
				DEVELOPMENT_TEAM = SH5AK942XZ;
				GENERATE_INFOPLIST_FILE = YES;
				PRODUCT_BUNDLE_IDENTIFIER = com.sigai.NeugelbUITests;
				PRODUCT_NAME = "$(TARGET_NAME)";
				STRING_CATALOG_GENERATE_SYMBOLS = NO;
				SUPPORTED_PLATFORMS = "iphoneos iphonesimulator";
				SUPPORTS_MACCATALYST = NO;
				SUPPORTS_MAC_DESIGNED_FOR_IPHONE_IPAD = NO;
				SUPPORTS_XR_DESIGNED_FOR_IPHONE_IPAD = NO;
				SWIFT_APPROACHABLE_CONCURRENCY = YES;
				SWIFT_EMIT_LOC_STRINGS = NO;
				SWIFT_UPCOMING_FEATURE_MEMBER_IMPORT_VISIBILITY = YES;
				TARGETED_DEVICE_FAMILY = 1;
				TEST_TARGET_NAME = Neugelb;
			};
			name = Release;
		};
/* End XCBuildConfiguration section */

/* Begin XCConfigurationList section */
		032902B32FA565DA00604615 /* Build configuration list for PBXProject "Neugelb" */ = {
			isa = XCConfigurationList;
			buildConfigurations = (
				032902D72FA565DB00604615 /* Debug */,
				032902D82FA565DB00604615 /* Release */,
			);
			defaultConfigurationIsVisible = 0;
			defaultConfigurationName = Release;
		};
		032902D92FA565DB00604615 /* Build configuration list for PBXNativeTarget "Neugelb" */ = {
			isa = XCConfigurationList;
			buildConfigurations = (
				032902DA2FA565DB00604615 /* Debug */,
				032902DB2FA565DB00604615 /* Release */,
			);
			defaultConfigurationIsVisible = 0;
			defaultConfigurationName = Release;
		};
		032902DC2FA565DB00604615 /* Build configuration list for PBXNativeTarget "NeugelbTests" */ = {
			isa = XCConfigurationList;
			buildConfigurations = (
				032902DD2FA565DB00604615 /* Debug */,
				032902DE2FA565DB00604615 /* Release */,
			);
			defaultConfigurationIsVisible = 0;
			defaultConfigurationName = Release;
		};
		032902DF2FA565DB00604615 /* Build configuration list for PBXNativeTarget "NeugelbUITests" */ = {
			isa = XCConfigurationList;
			buildConfigurations = (
				032902E02FA565DB00604615 /* Debug */,
				032902E12FA565DB00604615 /* Release */,
			);
			defaultConfigurationIsVisible = 0;
			defaultConfigurationName = Release;
		};
/* End XCConfigurationList section */

/* Begin XCLocalSwiftPackageReference section */
		0304260D2FA94F6F00BBE5DA /* XCLocalSwiftPackageReference "Packages/NeugelbUI" */ = {
			isa = XCLocalSwiftPackageReference;
			relativePath = Packages/NeugelbUI;
		};
		0387E92D2FA8C5FF004D0C7F /* XCLocalSwiftPackageReference "Packages/Router" */ = {
			isa = XCLocalSwiftPackageReference;
			relativePath = Packages/Router;
		};
		03A091772FA7C15A00FC8E6C /* XCLocalSwiftPackageReference "Packages/NGFoundation" */ = {
			isa = XCLocalSwiftPackageReference;
			relativePath = Packages/NGFoundation;
		};
		03E680432FA685DF000AACEA /* XCLocalSwiftPackageReference "Packages/NetworkService" */ = {
			isa = XCLocalSwiftPackageReference;
			relativePath = Packages/NetworkService;
		};
/* End XCLocalSwiftPackageReference section */

/* Begin XCSwiftPackageProductDependency section */
		0304260E2FA9536100BBE5DA /* NeugelbUI */ = {
			isa = XCSwiftPackageProductDependency;
			package = 0304260D2FA94F6F00BBE5DA /* XCLocalSwiftPackageReference "Packages/NeugelbUI" */;
			productName = NeugelbUI;
		};
		0387E9712FA8C949004D0C7F /* Router */ = {
			isa = XCSwiftPackageProductDependency;
			package = 0387E92D2FA8C5FF004D0C7F /* XCLocalSwiftPackageReference "Packages/Router" */;
			productName = Router;
		};
		03A091752FA7BCD500FC8E6C /* NetworkService */ = {
			isa = XCSwiftPackageProductDependency;
			package = 03E680432FA685DF000AACEA /* XCLocalSwiftPackageReference "Packages/NetworkService" */;
			productName = NetworkService;
		};
		03A091782FA7C46900FC8E6C /* NGFoundation */ = {
			isa = XCSwiftPackageProductDependency;
			package = 03A091772FA7C15A00FC8E6C /* XCLocalSwiftPackageReference "Packages/NGFoundation" */;
			productName = NGFoundation;
		};
/* End XCSwiftPackageProductDependency section */
	};
	rootObject = 032902B02FA565DA00604615 /* Project object */;
}
